
Microsoft Visual Studio Solution File, Format Version 12.00
# Visual Studio Version 17
VisualStudioVersion = 17.6.33829.357
MinimumVisualStudioVersion = 10.0.40219.1
Project("{FAE04EC0-301F-11D3-BF4B-00C04F79EFBC}") = "QEAMApp", "QEAMApp.csproj", "{414E137C-4988-4E8A-969E-1AEF585BDE2F}"
EndProject
Global
	GlobalSection(SolutionConfigurationPlatforms) = preSolution
		Debug|Any CPU = Debug|Any CPU
		Release|Any CPU = Release|Any CPU
	EndGlobalSection
	GlobalSection(ProjectConfigurationPlatforms) = postSolution
		{414E137C-4988-4E8A-969E-1AEF585BDE2F}.Debug|Any CPU.ActiveCfg = Debug|Any CPU
		{414E137C-4988-4E8A-969E-1AEF585BDE2F}.Debug|Any CPU.Build.0 = Debug|Any CPU
		{414E137C-4988-4E8A-969E-1AEF585BDE2F}.Release|Any CPU.ActiveCfg = Release|Any CPU
		{414E137C-4988-4E8A-969E-1AEF585BDE2F}.Release|Any CPU.Build.0 = Release|Any CPU
	EndGlobalSection
	GlobalSection(SolutionProperties) = preSolution
		HideSolutionNode = FALSE
	EndGlobalSection
	GlobalSection(ExtensibilityGlobals) = postSolution
		SolutionGuid = {E2769950-E2B4-4723-8B2C-878B73DADBE2}
	EndGlobalSection
EndGlobal
